version: 1.0
shards:
  delimiter_tree:
    github: drujensen/delimiter_tree
    commit: ff00d3f211aa0e6850b04c12941e88522c3a59d7

  jsonapi:
    github: drujensen/jsonapi
    commit: 5da15b923205b8759dd90c6caaee76fdd65c0802

  kemalyst:
    github: drujensen/kemalyst
    commit: cde89c29c0ea89ce1ef9e357f2b4f2f192b00520

  kilt:
    github: jeromegn/kilt
    commit: 332015badce121b624b757ddc494b3162ac49da9

  mocks:
    github: waterlink/mocks.cr
    version: 0.8.0

  pg:
    github: will/crystal-pg
    commit: cafe38b532b859122337455aa09afeac4f8deeaa

  pool:
    github: ysbaddaden/pool
    commit: ed6af70886e76de84f440b6efe9bc6f49ab24fbe

