version: 1.0
shards:
  delimiter_tree:
    github: drujensen/delimiter_tree
    commit: eeddecd0475710adb6414595e6144bfdce3a95f1

  kemalyst:
    github: drujensen/kemalyst
    commit: b395a1abe5a83261c44dbdf2b37f37fcfbc8972f

  kilt:
    github: jeromegn/kilt
    commit: adf515f1212fe985dbc9da561f02ade11bfe8e5f

  mocks:
    github: waterlink/mocks.cr
    version: 0.8.0

  pg:
    github: will/crystal-pg
    commit: 7a386e95a8bc31c49d17b06233ac018c1a9d7909

  pool:
    github: ysbaddaden/pool
    commit: c4ecfad1b87fbd8c6484d1fd536ccfd14c40cc94

