version: 1.0
shards:
  delimiter_tree:
    github: drujensen/delimiter_tree
    commit: ff00d3f211aa0e6850b04c12941e88522c3a59d7

  jsonapi:
    github: drujensen/jsonapi
    commit: 5da15b923205b8759dd90c6caaee76fdd65c0802

  kemalyst:
    github: drujensen/kemalyst
    commit: 816a5b2444f1c2985ab5a81204a461b3bc60b833

  kilt:
    github: jeromegn/kilt
    commit: 332015badce121b624b757ddc494b3162ac49da9

  mocks:
    github: waterlink/mocks.cr
    version: 0.8.0

  mysql:
    github: waterlink/crystal-mysql
    commit: 3d388be7a84f832808c98808540c7237460ff749

  pg:
    github: will/crystal-pg
    commit: cafe38b532b859122337455aa09afeac4f8deeaa

  pool:
    github: ysbaddaden/pool
    version: 0.2.1

